// !$*UTF8*$!
{
	archiveVersion = 1;
	classes = {
	};
	objectVersion = 56;
	objects = {

/* Begin PBXBuildFile section */
		6A653B312C60BCF400AFEB2C /* AppDelegate.swift in Sources */ = {isa = PBXBuildFile; fileRef = 6A653B302C60BCF400AFEB2C /* AppDelegate.swift */; };
		6A653B332C60BCF400AFEB2C /* SceneDelegate.swift in Sources */ = {isa = PBXBuildFile; fileRef = 6A653B322C60BCF400AFEB2C /* SceneDelegate.swift */; };
		6A653B352C60BCF400AFEB2C /* ViewController.swift in Sources */ = {isa = PBXBuildFile; fileRef = 6A653B342C60BCF400AFEB2C /* ViewController.swift */; };
		6A653B382C60BCF400AFEB2C /* Base in Resources */ = {isa = PBXBuildFile; fileRef = 6A653B372C60BCF400AFEB2C /* Base */; };
		6A653B3A2C60BCF500AFEB2C /* Assets.xcassets in Resources */ = {isa = PBXBuildFile; fileRef = 6A653B392C60BCF500AFEB2C /* Assets.xcassets */; };
		6A653B3D2C60BCF500AFEB2C /* Base in Resources */ = {isa = PBXBuildFile; fileRef = 6A653B3C2C60BCF500AFEB2C /* Base */; };
		6A653B482C60BCF500AFEB2C /* InfiniteScrollTests.swift in Sources */ = {isa = PBXBuildFile; fileRef = 6A653B472C60BCF500AFEB2C /* InfiniteScrollTests.swift */; };
		6A653B522C60BCF500AFEB2C /* InfiniteScrollUITests.swift in Sources */ = {isa = PBXBuildFile; fileRef = 6A653B512C60BCF500AFEB2C /* InfiniteScrollUITests.swift */; };
		6A653B542C60BCF500AFEB2C /* InfiniteScrollUITestsLaunchTests.swift in Sources */ = {isa = PBXBuildFile; fileRef = 6A653B532C60BCF500AFEB2C /* InfiniteScrollUITestsLaunchTests.swift */; };
/* End PBXBuildFile section */

/* Begin PBXContainerItemProxy section */
		6A653B442C60BCF500AFEB2C /* PBXContainerItemProxy */ = {
			isa = PBXContainerItemProxy;
			containerPortal = 6A653B252C60BCF400AFEB2C /* Project object */;
			proxyType = 1;
			remoteGlobalIDString = 6A653B2C2C60BCF400AFEB2C;
			remoteInfo = InfiniteScroll;
		};
		6A653B4E2C60BCF500AFEB2C /* PBXContainerItemProxy */ = {
			isa = PBXContainerItemProxy;
			containerPortal = 6A653B252C60BCF400AFEB2C /* Project object */;
			proxyType = 1;
			remoteGlobalIDString = 6A653B2C2C60BCF400AFEB2C;
			remoteInfo = InfiniteScroll;
		};
/* End PBXContainerItemProxy section */

/* Begin PBXFileReference section */
		6A653B2D2C60BCF400AFEB2C /* InfiniteScroll.app */ = {isa = PBXFileReference; explicitFileType = wrapper.application; includeInIndex = 0; path = InfiniteScroll.app; sourceTree = BUILT_PRODUCTS_DIR; };
		6A653B302C60BCF400AFEB2C /* AppDelegate.swift */ = {isa = PBXFileReference; lastKnownFileType = sourcecode.swift; path = AppDelegate.swift; sourceTree = "<group>"; };
		6A653B322C60BCF400AFEB2C /* SceneDelegate.swift */ = {isa = PBXFileReference; lastKnownFileType = sourcecode.swift; path = SceneDelegate.swift; sourceTree = "<group>"; };
		6A653B342C60BCF400AFEB2C /* ViewController.swift */ = {isa = PBXFileReference; lastKnownFileType = sourcecode.swift; path = ViewController.swift; sourceTree = "<group>"; };
		6A653B372C60BCF400AFEB2C /* Base */ = {isa = PBXFileReference; lastKnownFileType = file.storyboard; name = Base; path = Base.lproj/Main.storyboard; sourceTree = "<group>"; };
		6A653B392C60BCF500AFEB2C /* Assets.xcassets */ = {isa = PBXFileReference; lastKnownFileType = folder.assetcatalog; path = Assets.xcassets; sourceTree = "<group>"; };
		6A653B3C2C60BCF500AFEB2C /* Base */ = {isa = PBXFileReference; lastKnownFileType = file.storyboard; name = Base; path = Base.lproj/LaunchScreen.storyboard; sourceTree = "<group>"; };
		6A653B3E2C60BCF500AFEB2C /* Info.plist */ = {isa = PBXFileReference; lastKnownFileType = text.plist.xml; path = Info.plist; sourceTree = "<group>"; };
		6A653B432C60BCF500AFEB2C /* InfiniteScrollTests.xctest */ = {isa = PBXFileReference; explicitFileType = wrapper.cfbundle; includeInIndex = 0; path = InfiniteScrollTests.xctest; sourceTree = BUILT_PRODUCTS_DIR; };
		6A653B472C60BCF500AFEB2C /* InfiniteScrollTests.swift */ = {isa = PBXFileReference; lastKnownFileType = sourcecode.swift; path = InfiniteScrollTests.swift; sourceTree = "<group>"; };
		6A653B4D2C60BCF500AFEB2C /* InfiniteScrollUITests.xctest */ = {isa = PBXFileReference; explicitFileType = wrapper.cfbundle; includeInIndex = 0; path = InfiniteScrollUITests.xctest; sourceTree = BUILT_PRODUCTS_DIR; };
		6A653B512C60BCF500AFEB2C /* InfiniteScrollUITests.swift */ = {isa = PBXFileReference; lastKnownFileType = sourcecode.swift; path = InfiniteScrollUITests.swift; sourceTree = "<group>"; };
		6A653B532C60BCF500AFEB2C /* InfiniteScrollUITestsLaunchTests.swift */ = {isa = PBXFileReference; lastKnownFileType = sourcecode.swift; path = InfiniteScrollUITestsLaunchTests.swift; sourceTree = "<group>"; };
/* End PBXFileReference section */

/* Begin PBXFrameworksBuildPhase section */
		6A653B2A2C60BCF400AFEB2C /* Frameworks */ = {
			isa = PBXFrameworksBuildPhase;
			buildActionMask = 2147483647;
			files = (
			);
			runOnlyForDeploymentPostprocessing = 0;
		};
		6A653B402C60BCF500AFEB2C /* Frameworks */ = {
			isa = PBXFrameworksBuildPhase;
			buildActionMask = 2147483647;
			files = (
			);
			runOnlyForDeploymentPostprocessing = 0;
		};
		6A653B4A2C60BCF500AFEB2C /* Frameworks */ = {
			isa = PBXFrameworksBuildPhase;
			buildActionMask = 2147483647;
			files = (
			);
			runOnlyForDeploymentPostprocessing = 0;
		};
/* End PBXFrameworksBuildPhase section */

/* Begin PBXGroup section */
		6A653B242C60BCF400AFEB2C = {
			isa = PBXGroup;
			children = (
				6A653B2F2C60BCF400AFEB2C /* InfiniteScroll */,
				6A653B462C60BCF500AFEB2C /* InfiniteScrollTests */,
				6A653B502C60BCF500AFEB2C /* InfiniteScrollUITests */,
				6A653B2E2C60BCF400AFEB2C /* Products */,
			);
			sourceTree = "<group>";
		};
		6A653B2E2C60BCF400AFEB2C /* Products */ = {
			isa = PBXGroup;
			children = (
				6A653B2D2C60BCF400AFEB2C /* InfiniteScroll.app */,
				6A653B432C60BCF500AFEB2C /* InfiniteScrollTests.xctest */,
				6A653B4D2C60BCF500AFEB2C /* InfiniteScrollUITests.xctest */,
			);
			name = Products;
			sourceTree = "<group>";
		};
		6A653B2F2C60BCF400AFEB2C /* InfiniteScroll */ = {
			isa = PBXGroup;
			children = (
				6A653B302C60BCF400AFEB2C /* AppDelegate.swift */,
				6A653B322C60BCF400AFEB2C /* SceneDelegate.swift */,
				6A653B342C60BCF400AFEB2C /* ViewController.swift */,
				6A653B362C60BCF400AFEB2C /* Main.storyboard */,
				6A653B392C60BCF500AFEB2C /* Assets.xcassets */,
				6A653B3B2C60BCF500AFEB2C /* LaunchScreen.storyboard */,
				6A653B3E2C60BCF500AFEB2C /* Info.plist */,
			);
			path = InfiniteScroll;
			sourceTree = "<group>";
		};
		6A653B462C60BCF500AFEB2C /* InfiniteScrollTests */ = {
			isa = PBXGroup;
			children = (
				6A653B472C60BCF500AFEB2C /* InfiniteScrollTests.swift */,
			);
			path = InfiniteScrollTests;
			sourceTree = "<group>";
		};
		6A653B502C60BCF500AFEB2C /* InfiniteScrollUITests */ = {
			isa = PBXGroup;
			children = (
				6A653B512C60BCF500AFEB2C /* InfiniteScrollUITests.swift */,
				6A653B532C60BCF500AFEB2C /* InfiniteScrollUITestsLaunchTests.swift */,
			);
			path = InfiniteScrollUITests;
			sourceTree = "<group>";
		};
/* End PBXGroup section */

/* Begin PBXNativeTarget section */
		6A653B2C2C60BCF400AFEB2C /* InfiniteScroll */ = {
			isa = PBXNativeTarget;
			buildConfigurationList = 6A653B572C60BCF500AFEB2C /* Build configuration list for PBXNativeTarget "InfiniteScroll" */;
			buildPhases = (
				6A653B292C60BCF400AFEB2C /* Sources */,
				6A653B2A2C60BCF400AFEB2C /* Frameworks */,
				6A653B2B2C60BCF400AFEB2C /* Resources */,
			);
			buildRules = (
			);
			dependencies = (
			);
			name = InfiniteScroll;
			productName = InfiniteScroll;
			productReference = 6A653B2D2C60BCF400AFEB2C /* InfiniteScroll.app */;
			productType = "com.apple.product-type.application";
		};
		6A653B422C60BCF500AFEB2C /* InfiniteScrollTests */ = {
			isa = PBXNativeTarget;
			buildConfigurationList = 6A653B5A2C60BCF500AFEB2C /* Build configuration list for PBXNativeTarget "InfiniteScrollTests" */;
			buildPhases = (
				6A653B3F2C60BCF500AFEB2C /* Sources */,
				6A653B402C60BCF500AFEB2C /* Frameworks */,
				6A653B412C60BCF500AFEB2C /* Resources */,
			);
			buildRules = (
			);
			dependencies = (
				6A653B452C60BCF500AFEB2C /* PBXTargetDependency */,
			);
			name = InfiniteScrollTests;
			productName = InfiniteScrollTests;
			productReference = 6A653B432C60BCF500AFEB2C /* InfiniteScrollTests.xctest */;
			productType = "com.apple.product-type.bundle.unit-test";
		};
		6A653B4C2C60BCF500AFEB2C /* InfiniteScrollUITests */ = {
			isa = PBXNativeTarget;
			buildConfigurationList = 6A653B5D2C60BCF500AFEB2C /* Build configuration list for PBXNativeTarget "InfiniteScrollUITests" */;
			buildPhases = (
				6A653B492C60BCF500AFEB2C /* Sources */,
				6A653B4A2C60BCF500AFEB2C /* Frameworks */,
				6A653B4B2C60BCF500AFEB2C /* Resources */,
			);
			buildRules = (
			);
			dependencies = (
				6A653B4F2C60BCF500AFEB2C /* PBXTargetDependency */,
			);
			name = InfiniteScrollUITests;
			productName = InfiniteScrollUITests;
			productReference = 6A653B4D2C60BCF500AFEB2C /* InfiniteScrollUITests.xctest */;
			productType = "com.apple.product-type.bundle.ui-testing";
		};
/* End PBXNativeTarget section */

/* Begin PBXProject section */
		6A653B252C60BCF400AFEB2C /* Project object */ = {
			isa = PBXProject;
			attributes = {
				BuildIndependentTargetsInParallel = 1;
				LastSwiftUpdateCheck = 1530;
				LastUpgradeCheck = 1530;
				TargetAttributes = {
					6A653B2C2C60BCF400AFEB2C = {
						CreatedOnToolsVersion = 15.3;
					};
					6A653B422C60BCF500AFEB2C = {
						CreatedOnToolsVersion = 15.3;
						TestTargetID = 6A653B2C2C60BCF400AFEB2C;
					};
					6A653B4C2C60BCF500AFEB2C = {
						CreatedOnToolsVersion = 15.3;
						TestTargetID = 6A653B2C2C60BCF400AFEB2C;
					};
				};
			};
			buildConfigurationList = 6A653B282C60BCF400AFEB2C /* Build configuration list for PBXProject "InfiniteScroll" */;
			compatibilityVersion = "Xcode 14.0";
			developmentRegion = en;
			hasScannedForEncodings = 0;
			knownRegions = (
				en,
				Base,
			);
			mainGroup = 6A653B242C60BCF400AFEB2C;
			productRefGroup = 6A653B2E2C60BCF400AFEB2C /* Products */;
			projectDirPath = "";
			projectRoot = "";
			targets = (
				6A653B2C2C60BCF400AFEB2C /* InfiniteScroll */,
				6A653B422C60BCF500AFEB2C /* InfiniteScrollTests */,
				6A653B4C2C60BCF500AFEB2C /* InfiniteScrollUITests */,
			);
		};
/* End PBXProject section */

/* Begin PBXResourcesBuildPhase section */
		6A653B2B2C60BCF400AFEB2C /* Resources */ = {
			isa = PBXResourcesBuildPhase;
			buildActionMask = 2147483647;
			files = (
				6A653B3A2C60BCF500AFEB2C /* Assets.xcassets in Resources */,
				6A653B3D2C60BCF500AFEB2C /* Base in Resources */,
				6A653B382C60BCF400AFEB2C /* Base in Resources */,
			);
			runOnlyForDeploymentPostprocessing = 0;
		};
		6A653B412C60BCF500AFEB2C /* Resources */ = {
			isa = PBXResourcesBuildPhase;
			buildActionMask = 2147483647;
			files = (
			);
			runOnlyForDeploymentPostprocessing = 0;
		};
		6A653B4B2C60BCF500AFEB2C /* Resources */ = {
			isa = PBXResourcesBuildPhase;
			buildActionMask = 2147483647;
			files = (
			);
			runOnlyForDeploymentPostprocessing = 0;
		};
/* End PBXResourcesBuildPhase section */

/* Begin PBXSourcesBuildPhase section */
		6A653B292C60BCF400AFEB2C /* Sources */ = {
			isa = PBXSourcesBuildPhase;
			buildActionMask = 2147483647;
			files = (
				6A653B352C60BCF400AFEB2C /* ViewController.swift in Sources */,
				6A653B312C60BCF400AFEB2C /* AppDelegate.swift in Sources */,
				6A653B332C60BCF400AFEB2C /* SceneDelegate.swift in Sources */,
			);
			runOnlyForDeploymentPostprocessing = 0;
		};
		6A653B3F2C60BCF500AFEB2C /* Sources */ = {
			isa = PBXSourcesBuildPhase;
			buildActionMask = 2147483647;
			files = (
				6A653B482C60BCF500AFEB2C /* InfiniteScrollTests.swift in Sources */,
			);
			runOnlyForDeploymentPostprocessing = 0;
		};
		6A653B492C60BCF500AFEB2C /* Sources */ = {
			isa = PBXSourcesBuildPhase;
			buildActionMask = 2147483647;
			files = (
				6A653B522C60BCF500AFEB2C /* InfiniteScrollUITests.swift in Sources */,
				6A653B542C60BCF500AFEB2C /* InfiniteScrollUITestsLaunchTests.swift in Sources */,
			);
			runOnlyForDeploymentPostprocessing = 0;
		};
/* End PBXSourcesBuildPhase section */

/* Begin PBXTargetDependency section */
		6A653B452C60BCF500AFEB2C /* PBXTargetDependency */ = {
			isa = PBXTargetDependency;
			target = 6A653B2C2C60BCF400AFEB2C /* InfiniteScroll */;
			targetProxy = 6A653B442C60BCF500AFEB2C /* PBXContainerItemProxy */;
		};
		6A653B4F2C60BCF500AFEB2C /* PBXTargetDependency */ = {
			isa = PBXTargetDependency;
			target = 6A653B2C2C60BCF400AFEB2C /* InfiniteScroll */;
			targetProxy = 6A653B4E2C60BCF500AFEB2C /* PBXContainerItemProxy */;
		};
/* End PBXTargetDependency section */

/* Begin PBXVariantGroup section */
		6A653B362C60BCF400AFEB2C /* Main.storyboard */ = {
			isa = PBXVariantGroup;
			children = (
				6A653B372C60BCF400AFEB2C /* Base */,
			);
			name = Main.storyboard;
			sourceTree = "<group>";
		};
		6A653B3B2C60BCF500AFEB2C /* LaunchScreen.storyboard */ = {
			isa = PBXVariantGroup;
			children = (
				6A653B3C2C60BCF500AFEB2C /* Base */,
			);
			name = LaunchScreen.storyboard;
			sourceTree = "<group>";
		};
/* End PBXVariantGroup section */

/* Begin XCBuildConfiguration section */
		6A653B552C60BCF500AFEB2C /* Debug */ = {
			isa = XCBuildConfiguration;
			buildSettings = {
				ALWAYS_SEARCH_USER_PATHS = NO;
				ASSETCATALOG_COMPILER_GENERATE_SWIFT_ASSET_SYMBOL_EXTENSIONS = YES;
				CLANG_ANALYZER_NONNULL = YES;
				CLANG_ANALYZER_NUMBER_OBJECT_CONVERSION = YES_AGGRESSIVE;
				CLANG_CXX_LANGUAGE_STANDARD = "gnu++20";
				CLANG_ENABLE_MODULES = YES;
				CLANG_ENABLE_OBJC_ARC = YES;
				CLANG_ENABLE_OBJC_WEAK = YES;
				CLANG_WARN_BLOCK_CAPTURE_AUTORELEASING = YES;
				CLANG_WARN_BOOL_CONVERSION = YES;
				CLANG_WARN_COMMA = YES;
				CLANG_WARN_CONSTANT_CONVERSION = YES;
				CLANG_WARN_DEPRECATED_OBJC_IMPLEMENTATIONS = YES;
				CLANG_WARN_DIRECT_OBJC_ISA_USAGE = YES_ERROR;
				CLANG_WARN_DOCUMENTATION_COMMENTS = YES;
				CLANG_WARN_EMPTY_BODY = YES;
				CLANG_WARN_ENUM_CONVERSION = YES;
				CLANG_WARN_INFINITE_RECURSION = YES;
				CLANG_WARN_INT_CONVERSION = YES;
				CLANG_WARN_NON_LITERAL_NULL_CONVERSION = YES;
				CLANG_WARN_OBJC_IMPLICIT_RETAIN_SELF = YES;
				CLANG_WARN_OBJC_LITERAL_CONVERSION = YES;
				CLANG_WARN_OBJC_ROOT_CLASS = YES_ERROR;
				CLANG_WARN_QUOTED_INCLUDE_IN_FRAMEWORK_HEADER = YES;
				CLANG_WARN_RANGE_LOOP_ANALYSIS = YES;
				CLANG_WARN_STRICT_PROTOTYPES = YES;
				CLANG_WARN_SUSPICIOUS_MOVE = YES;
				CLANG_WARN_UNGUARDED_AVAILABILITY = YES_AGGRESSIVE;
				CLANG_WARN_UNREACHABLE_CODE = YES;
				CLANG_WARN__DUPLICATE_METHOD_MATCH = YES;
				COPY_PHASE_STRIP = NO;
				DEBUG_INFORMATION_FORMAT = dwarf;
				ENABLE_STRICT_OBJC_MSGSEND = YES;
				ENABLE_TESTABILITY = YES;
				ENABLE_USER_SCRIPT_SANDBOXING = YES;
				GCC_C_LANGUAGE_STANDARD = gnu17;
				GCC_DYNAMIC_NO_PIC = NO;
				GCC_NO_COMMON_BLOCKS = YES;
				GCC_OPTIMIZATION_LEVEL = 0;
				GCC_PREPROCESSOR_DEFINITIONS = (
					"DEBUG=1",
					"$(inherited)",
				);
				GCC_WARN_64_TO_32_BIT_CONVERSION = YES;
				GCC_WARN_ABOUT_RETURN_TYPE = YES_ERROR;
				GCC_WARN_UNDECLARED_SELECTOR = YES;
				GCC_WARN_UNINITIALIZED_AUTOS = YES_AGGRESSIVE;
				GCC_WARN_UNUSED_FUNCTION = YES;
				GCC_WARN_UNUSED_VARIABLE = YES;
				IPHONEOS_DEPLOYMENT_TARGET = 17.4;
				LOCALIZATION_PREFERS_STRING_CATALOGS = YES;
				MTL_ENABLE_DEBUG_INFO = INCLUDE_SOURCE;
				MTL_FAST_MATH = YES;
				ONLY_ACTIVE_ARCH = YES;
				SDKROOT = iphoneos;
				SWIFT_ACTIVE_COMPILATION_CONDITIONS = "DEBUG $(inherited)";
				SWIFT_OPTIMIZATION_LEVEL = "-Onone";
			};
			name = Debug;
		};
		6A653B562C60BCF500AFEB2C /* Release */ = {
			isa = XCBuildConfiguration;
			buildSettings = {
				ALWAYS_SEARCH_USER_PATHS = NO;
				ASSETCATALOG_COMPILER_GENERATE_SWIFT_ASSET_SYMBOL_EXTENSIONS = YES;
				CLANG_ANALYZER_NONNULL = YES;
				CLANG_ANALYZER_NUMBER_OBJECT_CONVERSION = YES_AGGRESSIVE;
				CLANG_CXX_LANGUAGE_STANDARD = "gnu++20";
				CLANG_ENABLE_MODULES = YES;
				CLANG_ENABLE_OBJC_ARC = YES;
				CLANG_ENABLE_OBJC_WEAK = YES;
				CLANG_WARN_BLOCK_CAPTURE_AUTORELEASING = YES;
				CLANG_WARN_BOOL_CONVERSION = YES;
				CLANG_WARN_COMMA = YES;
				CLANG_WARN_CONSTANT_CONVERSION = YES;
				CLANG_WARN_DEPRECATED_OBJC_IMPLEMENTATIONS = YES;
				CLANG_WARN_DIRECT_OBJC_ISA_USAGE = YES_ERROR;
				CLANG_WARN_DOCUMENTATION_COMMENTS = YES;
				CLANG_WARN_EMPTY_BODY = YES;
				CLANG_WARN_ENUM_CONVERSION = YES;
				CLANG_WARN_INFINITE_RECURSION = YES;
				CLANG_WARN_INT_CONVERSION = YES;
				CLANG_WARN_NON_LITERAL_NULL_CONVERSION = YES;
				CLANG_WARN_OBJC_IMPLICIT_RETAIN_SELF = YES;
				CLANG_WARN_OBJC_LITERAL_CONVERSION = YES;
				CLANG_WARN_OBJC_ROOT_CLASS = YES_ERROR;
				CLANG_WARN_QUOTED_INCLUDE_IN_FRAMEWORK_HEADER = YES;
				CLANG_WARN_RANGE_LOOP_ANALYSIS = YES;
				CLANG_WARN_STRICT_PROTOTYPES = YES;
				CLANG_WARN_SUSPICIOUS_MOVE = YES;
				CLANG_WARN_UNGUARDED_AVAILABILITY = YES_AGGRESSIVE;
				CLANG_WARN_UNREACHABLE_CODE = YES;
				CLANG_WARN__DUPLICATE_METHOD_MATCH = YES;
				COPY_PHASE_STRIP = NO;
				DEBUG_INFORMATION_FORMAT = "dwarf-with-dsym";
				ENABLE_NS_ASSERTIONS = NO;
				ENABLE_STRICT_OBJC_MSGSEND = YES;
				ENABLE_USER_SCRIPT_SANDBOXING = YES;
				GCC_C_LANGUAGE_STANDARD = gnu17;
				GCC_NO_COMMON_BLOCKS = YES;
				GCC_WARN_64_TO_32_BIT_CONVERSION = YES;
				GCC_WARN_ABOUT_RETURN_TYPE = YES_ERROR;
				GCC_WARN_UNDECLARED_SELECTOR = YES;
				GCC_WARN_UNINITIALIZED_AUTOS = YES_AGGRESSIVE;
				GCC_WARN_UNUSED_FUNCTION = YES;
				GCC_WARN_UNUSED_VARIABLE = YES;
				IPHONEOS_DEPLOYMENT_TARGET = 17.4;
				LOCALIZATION_PREFERS_STRING_CATALOGS = YES;
				MTL_ENABLE_DEBUG_INFO = NO;
				MTL_FAST_MATH = YES;
				SDKROOT = iphoneos;
				SWIFT_COMPILATION_MODE = wholemodule;
				VALIDATE_PRODUCT = YES;
			};
			name = Release;
		};
		6A653B582C60BCF500AFEB2C /* Debug */ = {
			isa = XCBuildConfiguration;
			buildSettings = {
				ASSETCATALOG_COMPILER_APPICON_NAME = AppIcon;
				ASSETCATALOG_COMPILER_GLOBAL_ACCENT_COLOR_NAME = AccentColor;
				CODE_SIGN_STYLE = Automatic;
				CURRENT_PROJECT_VERSION = 1;
				DEVELOPMENT_TEAM = 244RFX44WS;
				GENERATE_INFOPLIST_FILE = YES;
				INFOPLIST_FILE = InfiniteScroll/Info.plist;
				INFOPLIST_KEY_UIApplicationSupportsIndirectInputEvents = YES;
				INFOPLIST_KEY_UILaunchStoryboardName = LaunchScreen;
				INFOPLIST_KEY_UIMainStoryboardFile = Main;
				INFOPLIST_KEY_UISupportedInterfaceOrientations_iPad = "UIInterfaceOrientationPortrait UIInterfaceOrientationPortraitUpsideDown UIInterfaceOrientationLandscapeLeft UIInterfaceOrientationLandscapeRight";
				INFOPLIST_KEY_UISupportedInterfaceOrientations_iPhone = "UIInterfaceOrientationPortrait UIInterfaceOrientationLandscapeLeft UIInterfaceOrientationLandscapeRight";
				LD_RUNPATH_SEARCH_PATHS = (
					"$(inherited)",
					"@executable_path/Frameworks",
				);
				MARKETING_VERSION = 1.0;
				PRODUCT_BUNDLE_IDENTIFIER = Saadet.InfiniteScroll;
				PRODUCT_NAME = "$(TARGET_NAME)";
				SWIFT_EMIT_LOC_STRINGS = YES;
				SWIFT_VERSION = 5.0;
				TARGETED_DEVICE_FAMILY = "1,2";
			};
			name = Debug;
		};
		6A653B592C60BCF500AFEB2C /* Release */ = {
			isa = XCBuildConfiguration;
			buildSettings = {
				ASSETCATALOG_COMPILER_APPICON_NAME = AppIcon;
				ASSETCATALOG_COMPILER_GLOBAL_ACCENT_COLOR_NAME = AccentColor;
				CODE_SIGN_STYLE = Automatic;
				CURRENT_PROJECT_VERSION = 1;
				DEVELOPMENT_TEAM = 244RFX44WS;
				GENERATE_INFOPLIST_FILE = YES;
				INFOPLIST_FILE = InfiniteScroll/Info.plist;
				INFOPLIST_KEY_UIApplicationSupportsIndirectInputEvents = YES;
				INFOPLIST_KEY_UILaunchStoryboardName = LaunchScreen;
				INFOPLIST_KEY_UIMainStoryboardFile = Main;
				INFOPLIST_KEY_UISupportedInterfaceOrientations_iPad = "UIInterfaceOrientationPortrait UIInterfaceOrientationPortraitUpsideDown UIInterfaceOrientationLandscapeLeft UIInterfaceOrientationLandscapeRight";
				INFOPLIST_KEY_UISupportedInterfaceOrientations_iPhone = "UIInterfaceOrientationPortrait UIInterfaceOrientationLandscapeLeft UIInterfaceOrientationLandscapeRight";
				LD_RUNPATH_SEARCH_PATHS = (
					"$(inherited)",
					"@executable_path/Frameworks",
				);
				MARKETING_VERSION = 1.0;
				PRODUCT_BUNDLE_IDENTIFIER = Saadet.InfiniteScroll;
				PRODUCT_NAME = "$(TARGET_NAME)";
				SWIFT_EMIT_LOC_STRINGS = YES;
				SWIFT_VERSION = 5.0;
				TARGETED_DEVICE_FAMILY = "1,2";
			};
			name = Release;
		};
		6A653B5B2C60BCF500AFEB2C /* Debug */ = {
			isa = XCBuildConfiguration;
			buildSettings = {
				ALWAYS_EMBED_SWIFT_STANDARD_LIBRARIES = YES;
				BUNDLE_LOADER = "$(TEST_HOST)";
				CODE_SIGN_STYLE = Automatic;
				CURRENT_PROJECT_VERSION = 1;
				DEVELOPMENT_TEAM = 244RFX44WS;
				GENERATE_INFOPLIST_FILE = YES;
				IPHONEOS_DEPLOYMENT_TARGET = 17.4;
				MARKETING_VERSION = 1.0;
				PRODUCT_BUNDLE_IDENTIFIER = Saadet.InfiniteScrollTests;
				PRODUCT_NAME = "$(TARGET_NAME)";
				SWIFT_EMIT_LOC_STRINGS = NO;
				SWIFT_VERSION = 5.0;
				TARGETED_DEVICE_FAMILY = "1,2";
				TEST_HOST = "$(BUILT_PRODUCTS_DIR)/InfiniteScroll.app/$(BUNDLE_EXECUTABLE_FOLDER_PATH)/InfiniteScroll";
			};
			name = Debug;
		};
		6A653B5C2C60BCF500AFEB2C /* Release */ = {
			isa = XCBuildConfiguration;
			buildSettings = {
				ALWAYS_EMBED_SWIFT_STANDARD_LIBRARIES = YES;
				BUNDLE_LOADER = "$(TEST_HOST)";
				CODE_SIGN_STYLE = Automatic;
				CURRENT_PROJECT_VERSION = 1;
				DEVELOPMENT_TEAM = 244RFX44WS;
				GENERATE_INFOPLIST_FILE = YES;
				IPHONEOS_DEPLOYMENT_TARGET = 17.4;
				MARKETING_VERSION = 1.0;
				PRODUCT_BUNDLE_IDENTIFIER = Saadet.InfiniteScrollTests;
				PRODUCT_NAME = "$(TARGET_NAME)";
				SWIFT_EMIT_LOC_STRINGS = NO;
				SWIFT_VERSION = 5.0;
				TARGETED_DEVICE_FAMILY = "1,2";
				TEST_HOST = "$(BUILT_PRODUCTS_DIR)/InfiniteScroll.app/$(BUNDLE_EXECUTABLE_FOLDER_PATH)/InfiniteScroll";
			};
			name = Release;
		};
		6A653B5E2C60BCF500AFEB2C /* Debug */ = {
			isa = XCBuildConfiguration;
			buildSettings = {
				ALWAYS_EMBED_SWIFT_STANDARD_LIBRARIES = YES;
				CODE_SIGN_STYLE = Automatic;
				CURRENT_PROJECT_VERSION = 1;
				DEVELOPMENT_TEAM = 244RFX44WS;
				GENERATE_INFOPLIST_FILE = YES;
				MARKETING_VERSION = 1.0;
				PRODUCT_BUNDLE_IDENTIFIER = Saadet.InfiniteScrollUITests;
				PRODUCT_NAME = "$(TARGET_NAME)";
				SWIFT_EMIT_LOC_STRINGS = NO;
				SWIFT_VERSION = 5.0;
				TARGETED_DEVICE_FAMILY = "1,2";
				TEST_TARGET_NAME = InfiniteScroll;
			};
			name = Debug;
		};
		6A653B5F2C60BCF500AFEB2C /* Release */ = {
			isa = XCBuildConfiguration;
			buildSettings = {
				ALWAYS_EMBED_SWIFT_STANDARD_LIBRARIES = YES;
				CODE_SIGN_STYLE = Automatic;
				CURRENT_PROJECT_VERSION = 1;
				DEVELOPMENT_TEAM = 244RFX44WS;
				GENERATE_INFOPLIST_FILE = YES;
				MARKETING_VERSION = 1.0;
				PRODUCT_BUNDLE_IDENTIFIER = Saadet.InfiniteScrollUITests;
				PRODUCT_NAME = "$(TARGET_NAME)";
				SWIFT_EMIT_LOC_STRINGS = NO;
				SWIFT_VERSION = 5.0;
				TARGETED_DEVICE_FAMILY = "1,2";
				TEST_TARGET_NAME = InfiniteScroll;
			};
			name = Release;
		};
/* End XCBuildConfiguration section */

/* Begin XCConfigurationList section */
		6A653B282C60BCF400AFEB2C /* Build configuration list for PBXProject "InfiniteScroll" */ = {
			isa = XCConfigurationList;
			buildConfigurations = (
				6A653B552C60BCF500AFEB2C /* Debug */,
				6A653B562C60BCF500AFEB2C /* Release */,
			);
			defaultConfigurationIsVisible = 0;
			defaultConfigurationName = Release;
		};
		6A653B572C60BCF500AFEB2C /* Build configuration list for PBXNativeTarget "InfiniteScroll" */ = {
			isa = XCConfigurationList;
			buildConfigurations = (
				6A653B582C60BCF500AFEB2C /* Debug */,
				6A653B592C60BCF500AFEB2C /* Release */,
			);
			defaultConfigurationIsVisible = 0;
			defaultConfigurationName = Release;
		};
		6A653B5A2C60BCF500AFEB2C /* Build configuration list for PBXNativeTarget "InfiniteScrollTests" */ = {
			isa = XCConfigurationList;
			buildConfigurations = (
				6A653B5B2C60BCF500AFEB2C /* Debug */,
				6A653B5C2C60BCF500AFEB2C /* Release */,
			);
			defaultConfigurationIsVisible = 0;
			defaultConfigurationName = Release;
		};
		6A653B5D2C60BCF500AFEB2C /* Build configuration list for PBXNativeTarget "InfiniteScrollUITests" */ = {
			isa = XCConfigurationList;
			buildConfigurations = (
				6A653B5E2C60BCF500AFEB2C /* Debug */,
				6A653B5F2C60BCF500AFEB2C /* Release */,
			);
			defaultConfigurationIsVisible = 0;
			defaultConfigurationName = Release;
		};
/* End XCConfigurationList section */
	};
	rootObject = 6A653B252C60BCF400AFEB2C /* Project object */;
}
